
Microsoft Visual Studio Solution File, Format Version 12.00
# Visual Studio 2013
VisualStudioVersion = 12.0.31101.0
MinimumVisualStudioVersion = 10.0.40219.1
Project("{FAE04EC0-301F-11D3-BF4B-00C04F79EFBC}") = "CajaAhorro", "CajaAhorro\CajaAhorro.csproj", "{D61E2B66-5B90-426F-A201-DA60E5B43287}"
EndProject
Project("{FAE04EC0-301F-11D3-BF4B-00C04F79EFBC}") = "CajaAhorro.Tests", "CajaAhorro.Tests\CajaAhorro.Tests.csproj", "{C1965A3E-E658-4F4A-B2B8-337C7E7F724E}"
EndProject
Global
	GlobalSection(SolutionConfigurationPlatforms) = preSolution
		Debug|Any CPU = Debug|Any CPU
		Release|Any CPU = Release|Any CPU
	EndGlobalSection
	GlobalSection(ProjectConfigurationPlatforms) = postSolution
		{D61E2B66-5B90-426F-A201-DA60E5B43287}.Debug|Any CPU.ActiveCfg = Debug|Any CPU
		{D61E2B66-5B90-426F-A201-DA60E5B43287}.Debug|Any CPU.Build.0 = Debug|Any CPU
		{D61E2B66-5B90-426F-A201-DA60E5B43287}.Release|Any CPU.ActiveCfg = Release|Any CPU
		{D61E2B66-5B90-426F-A201-DA60E5B43287}.Release|Any CPU.Build.0 = Release|Any CPU
		{C1965A3E-E658-4F4A-B2B8-337C7E7F724E}.Debug|Any CPU.ActiveCfg = Debug|Any CPU
		{C1965A3E-E658-4F4A-B2B8-337C7E7F724E}.Debug|Any CPU.Build.0 = Debug|Any CPU
		{C1965A3E-E658-4F4A-B2B8-337C7E7F724E}.Release|Any CPU.ActiveCfg = Release|Any CPU
		{C1965A3E-E658-4F4A-B2B8-337C7E7F724E}.Release|Any CPU.Build.0 = Release|Any CPU
	EndGlobalSection
	GlobalSection(SolutionProperties) = preSolution
		HideSolutionNode = FALSE
	EndGlobalSection
EndGlobal
